// !$*UTF8*$!
{
	archiveVersion = 1;
	classes = {
	};
	objectVersion = 46;
	objects = {

/* Begin PBXBuildFile section */
		6A09D63C164010180048C06B /* MapKit.framework in Frameworks */ = {isa = PBXBuildFile; fileRef = 6A09D63A16400FA60048C06B /* MapKit.framework */; };
		6A5C82C01637C5A600E3B801 /* Foundation.framework in Frameworks */ = {isa = PBXBuildFile; fileRef = 6A5C82BF1637C5A600E3B801 /* Foundation.framework */; };
		6A5C82C21637C5A600E3B801 /* UIKit.framework in Frameworks */ = {isa = PBXBuildFile; fileRef = 6A5C82C11637C5A600E3B801 /* UIKit.framework */; };
		6A5C82C41637C5A600E3B801 /* CoreGraphics.framework in Frameworks */ = {isa = PBXBuildFile; fileRef = 6A5C82C31637C5A600E3B801 /* CoreGraphics.framework */; };
		6A5C82C61637C5A600E3B801 /* AddressBook.framework in Frameworks */ = {isa = PBXBuildFile; fileRef = 6A5C82C51637C5A600E3B801 /* AddressBook.framework */; };
		6A5C82C81637C5A600E3B801 /* AddressBookUI.framework in Frameworks */ = {isa = PBXBuildFile; fileRef = 6A5C82C71637C5A600E3B801 /* AddressBookUI.framework */; };
		6A5C82CA1637C5A600E3B801 /* AudioToolbox.framework in Frameworks */ = {isa = PBXBuildFile; fileRef = 6A5C82C91637C5A600E3B801 /* AudioToolbox.framework */; };
		6A5C82CC1637C5A600E3B801 /* AVFoundation.framework in Frameworks */ = {isa = PBXBuildFile; fileRef = 6A5C82CB1637C5A600E3B801 /* AVFoundation.framework */; };
		6A5C82CE1637C5A600E3B801 /* CoreLocation.framework in Frameworks */ = {isa = PBXBuildFile; fileRef = 6A5C82CD1637C5A600E3B801 /* CoreLocation.framework */; };
		6A5C82D01637C5A600E3B801 /* MediaPlayer.framework in Frameworks */ = {isa = PBXBuildFile; fileRef = 6A5C82CF1637C5A600E3B801 /* MediaPlayer.framework */; };
		6A5C82D21637C5A600E3B801 /* QuartzCore.framework in Frameworks */ = {isa = PBXBuildFile; fileRef = 6A5C82D11637C5A600E3B801 /* QuartzCore.framework */; };
		6A5C82D41637C5A600E3B801 /* SystemConfiguration.framework in Frameworks */ = {isa = PBXBuildFile; fileRef = 6A5C82D31637C5A600E3B801 /* SystemConfiguration.framework */; };
		6A5C82D61637C5A600E3B801 /* MobileCoreServices.framework in Frameworks */ = {isa = PBXBuildFile; fileRef = 6A5C82D51637C5A600E3B801 /* MobileCoreServices.framework */; };
		6A5C82D81637C5A600E3B801 /* CoreMedia.framework in Frameworks */ = {isa = PBXBuildFile; fileRef = 6A5C82D71637C5A600E3B801 /* CoreMedia.framework */; };
		6A5C82DE1637C5A600E3B801 /* InfoPlist.strings in Resources */ = {isa = PBXBuildFile; fileRef = 6A5C82DC1637C5A600E3B801 /* InfoPlist.strings */; };
		6A5C82E01637C5A600E3B801 /* main.m in Sources */ = {isa = PBXBuildFile; fileRef = 6A5C82DF1637C5A600E3B801 /* main.m */; };
		6A5C82E31637C5A600E3B801 /* Cordova.framework in Frameworks */ = {isa = PBXBuildFile; fileRef = 6A5C82E21637C5A600E3B801 /* Cordova.framework */; };
		6A5C82E81637C5A600E3B801 /* Localizable.strings in Resources */ = {isa = PBXBuildFile; fileRef = 6A5C82E61637C5A600E3B801 /* Localizable.strings */; };
		6A5C82EC1637C5A600E3B801 /* Localizable.strings in Resources */ = {isa = PBXBuildFile; fileRef = 6A5C82EA1637C5A600E3B801 /* Localizable.strings */; };
		6A5C82F01637C5A600E3B801 /* Localizable.strings in Resources */ = {isa = PBXBuildFile; fileRef = 6A5C82EE1637C5A600E3B801 /* Localizable.strings */; };
		6A5C82F41637C5A600E3B801 /* Localizable.strings in Resources */ = {isa = PBXBuildFile; fileRef = 6A5C82F21637C5A600E3B801 /* Localizable.strings */; };
		6A5C82F71637C5A600E3B801 /* icon.png in Resources */ = {isa = PBXBuildFile; fileRef = 6A5C82F61637C5A600E3B801 /* icon.png */; };
		6A5C82F91637C5A600E3B801 /* icon@2x.png in Resources */ = {isa = PBXBuildFile; fileRef = 6A5C82F81637C5A600E3B801 /* icon@2x.png */; };
		6A5C82FB1637C5A600E3B801 /* icon-72.png in Resources */ = {isa = PBXBuildFile; fileRef = 6A5C82FA1637C5A600E3B801 /* icon-72.png */; };
		6A5C82FE1637C5A600E3B801 /* Default.png in Resources */ = {isa = PBXBuildFile; fileRef = 6A5C82FD1637C5A600E3B801 /* Default.png */; };
		6A5C83001637C5A600E3B801 /* Default@2x.png in Resources */ = {isa = PBXBuildFile; fileRef = 6A5C82FF1637C5A600E3B801 /* Default@2x.png */; };
		6A5C83021637C5A600E3B801 /* Capture.bundle in Resources */ = {isa = PBXBuildFile; fileRef = 6A5C83011637C5A600E3B801 /* Capture.bundle */; };
		6A5C83041637C5A600E3B801 /* Cordova.plist in Resources */ = {isa = PBXBuildFile; fileRef = 6A5C83031637C5A600E3B801 /* Cordova.plist */; };
		6A5C83081637C5A600E3B801 /* AppDelegate.m in Sources */ = {isa = PBXBuildFile; fileRef = 6A5C83071637C5A600E3B801 /* AppDelegate.m */; };
		6A5C830B1637C5A600E3B801 /* MainViewController.m in Sources */ = {isa = PBXBuildFile; fileRef = 6A5C830A1637C5A600E3B801 /* MainViewController.m */; };
		6A5C830D1637C5A600E3B801 /* MainViewController.xib in Resources */ = {isa = PBXBuildFile; fileRef = 6A5C830C1637C5A600E3B801 /* MainViewController.xib */; };
		6A5C83111637C5A600E3B801 /* verify.sh in Resources */ = {isa = PBXBuildFile; fileRef = 6A5C83101637C5A600E3B801 /* verify.sh */; };
		6A5C83181637C5F500E3B801 /* www in Resources */ = {isa = PBXBuildFile; fileRef = 6A5C83171637C5F500E3B801 /* www */; };
/* End PBXBuildFile section */

/* Begin PBXFileReference section */
		6A09D63A16400FA60048C06B /* MapKit.framework */ = {isa = PBXFileReference; lastKnownFileType = wrapper.framework; name = MapKit.framework; path = System/Library/Frameworks/MapKit.framework; sourceTree = SDKROOT; };
		6A5C82BB1637C5A600E3B801 /* Pinpoint_Phonegap.app */ = {isa = PBXFileReference; explicitFileType = wrapper.application; includeInIndex = 0; path = Pinpoint_Phonegap.app; sourceTree = BUILT_PRODUCTS_DIR; };
		6A5C82BF1637C5A600E3B801 /* Foundation.framework */ = {isa = PBXFileReference; lastKnownFileType = wrapper.framework; name = Foundation.framework; path = System/Library/Frameworks/Foundation.framework; sourceTree = SDKROOT; };
		6A5C82C11637C5A600E3B801 /* UIKit.framework */ = {isa = PBXFileReference; lastKnownFileType = wrapper.framework; name = UIKit.framework; path = System/Library/Frameworks/UIKit.framework; sourceTree = SDKROOT; };
		6A5C82C31637C5A600E3B801 /* CoreGraphics.framework */ = {isa = PBXFileReference; lastKnownFileType = wrapper.framework; name = CoreGraphics.framework; path = System/Library/Frameworks/CoreGraphics.framework; sourceTree = SDKROOT; };
		6A5C82C51637C5A600E3B801 /* AddressBook.framework */ = {isa = PBXFileReference; lastKnownFileType = wrapper.framework; name = AddressBook.framework; path = System/Library/Frameworks/AddressBook.framework; sourceTree = SDKROOT; };
		6A5C82C71637C5A600E3B801 /* AddressBookUI.framework */ = {isa = PBXFileReference; lastKnownFileType = wrapper.framework; name = AddressBookUI.framework; path = System/Library/Frameworks/AddressBookUI.framework; sourceTree = SDKROOT; };
		6A5C82C91637C5A600E3B801 /* AudioToolbox.framework */ = {isa = PBXFileReference; lastKnownFileType = wrapper.framework; name = AudioToolbox.framework; path = System/Library/Frameworks/AudioToolbox.framework; sourceTree = SDKROOT; };
		6A5C82CB1637C5A600E3B801 /* AVFoundation.framework */ = {isa = PBXFileReference; lastKnownFileType = wrapper.framework; name = AVFoundation.framework; path = System/Library/Frameworks/AVFoundation.framework; sourceTree = SDKROOT; };
		6A5C82CD1637C5A600E3B801 /* CoreLocation.framework */ = {isa = PBXFileReference; lastKnownFileType = wrapper.framework; name = CoreLocation.framework; path = System/Library/Frameworks/CoreLocation.framework; sourceTree = SDKROOT; };
		6A5C82CF1637C5A600E3B801 /* MediaPlayer.framework */ = {isa = PBXFileReference; lastKnownFileType = wrapper.framework; name = MediaPlayer.framework; path = System/Library/Frameworks/MediaPlayer.framework; sourceTree = SDKROOT; };
		6A5C82D11637C5A600E3B801 /* QuartzCore.framework */ = {isa = PBXFileReference; lastKnownFileType = wrapper.framework; name = QuartzCore.framework; path = System/Library/Frameworks/QuartzCore.framework; sourceTree = SDKROOT; };
		6A5C82D31637C5A600E3B801 /* SystemConfiguration.framework */ = {isa = PBXFileReference; lastKnownFileType = wrapper.framework; name = SystemConfiguration.framework; path = System/Library/Frameworks/SystemConfiguration.framework; sourceTree = SDKROOT; };
		6A5C82D51637C5A600E3B801 /* MobileCoreServices.framework */ = {isa = PBXFileReference; lastKnownFileType = wrapper.framework; name = MobileCoreServices.framework; path = System/Library/Frameworks/MobileCoreServices.framework; sourceTree = SDKROOT; };
		6A5C82D71637C5A600E3B801 /* CoreMedia.framework */ = {isa = PBXFileReference; lastKnownFileType = wrapper.framework; name = CoreMedia.framework; path = System/Library/Frameworks/CoreMedia.framework; sourceTree = SDKROOT; };
		6A5C82DB1637C5A600E3B801 /* Pinpoint_Phonegap-Info.plist */ = {isa = PBXFileReference; lastKnownFileType = text.plist.xml; path = "Pinpoint_Phonegap-Info.plist"; sourceTree = "<group>"; };
		6A5C82DD1637C5A600E3B801 /* en */ = {isa = PBXFileReference; lastKnownFileType = text.plist.strings; name = en; path = en.lproj/InfoPlist.strings; sourceTree = "<group>"; };
		6A5C82DF1637C5A600E3B801 /* main.m */ = {isa = PBXFileReference; lastKnownFileType = sourcecode.c.objc; path = main.m; sourceTree = "<group>"; };
		6A5C82E11637C5A600E3B801 /* Pinpoint_Phonegap-Prefix.pch */ = {isa = PBXFileReference; lastKnownFileType = sourcecode.c.h; path = "Pinpoint_Phonegap-Prefix.pch"; sourceTree = "<group>"; };
		6A5C82E21637C5A600E3B801 /* Cordova.framework */ = {isa = PBXFileReference; lastKnownFileType = wrapper.framework; name = Cordova.framework; path = /Users/Shared/Cordova/Frameworks/Cordova.framework; sourceTree = "<absolute>"; };
		6A5C82E71637C5A600E3B801 /* en */ = {isa = PBXFileReference; lastKnownFileType = text.plist.strings; name = en; path = Resources/en.lproj/Localizable.strings; sourceTree = "<group>"; };
		6A5C82EB1637C5A600E3B801 /* es */ = {isa = PBXFileReference; lastKnownFileType = text.plist.strings; name = es; path = Resources/es.lproj/Localizable.strings; sourceTree = "<group>"; };
		6A5C82EF1637C5A600E3B801 /* de */ = {isa = PBXFileReference; lastKnownFileType = text.plist.strings; name = de; path = Resources/de.lproj/Localizable.strings; sourceTree = "<group>"; };
		6A5C82F31637C5A600E3B801 /* se */ = {isa = PBXFileReference; lastKnownFileType = text.plist.strings; name = se; path = Resources/se.lproj/Localizable.strings; sourceTree = "<group>"; };
		6A5C82F61637C5A600E3B801 /* icon.png */ = {isa = PBXFileReference; lastKnownFileType = image.png; name = icon.png; path = Resources/icons/icon.png; sourceTree = "<group>"; };
		6A5C82F81637C5A600E3B801 /* icon@2x.png */ = {isa = PBXFileReference; lastKnownFileType = image.png; name = "icon@2x.png"; path = "Resources/icons/icon@2x.png"; sourceTree = "<group>"; };
		6A5C82FA1637C5A600E3B801 /* icon-72.png */ = {isa = PBXFileReference; lastKnownFileType = image.png; name = "icon-72.png"; path = "Resources/icons/icon-72.png"; sourceTree = "<group>"; };
		6A5C82FD1637C5A600E3B801 /* Default.png */ = {isa = PBXFileReference; lastKnownFileType = image.png; name = Default.png; path = Resources/splash/Default.png; sourceTree = "<group>"; };
		6A5C82FF1637C5A600E3B801 /* Default@2x.png */ = {isa = PBXFileReference; lastKnownFileType = image.png; name = "Default@2x.png"; path = "Resources/splash/Default@2x.png"; sourceTree = "<group>"; };
		6A5C83011637C5A600E3B801 /* Capture.bundle */ = {isa = PBXFileReference; lastKnownFileType = "wrapper.plug-in"; name = Capture.bundle; path = Resources/Capture.bundle; sourceTree = "<group>"; };
		6A5C83031637C5A600E3B801 /* Cordova.plist */ = {isa = PBXFileReference; lastKnownFileType = text.plist.xml; path = Cordova.plist; sourceTree = "<group>"; };
		6A5C83061637C5A600E3B801 /* AppDelegate.h */ = {isa = PBXFileReference; lastKnownFileType = sourcecode.c.h; name = AppDelegate.h; path = Classes/AppDelegate.h; sourceTree = "<group>"; };
		6A5C83071637C5A600E3B801 /* AppDelegate.m */ = {isa = PBXFileReference; lastKnownFileType = sourcecode.c.objc; name = AppDelegate.m; path = Classes/AppDelegate.m; sourceTree = "<group>"; };
		6A5C83091637C5A600E3B801 /* MainViewController.h */ = {isa = PBXFileReference; lastKnownFileType = sourcecode.c.h; name = MainViewController.h; path = Classes/MainViewController.h; sourceTree = "<group>"; };
		6A5C830A1637C5A600E3B801 /* MainViewController.m */ = {isa = PBXFileReference; lastKnownFileType = sourcecode.c.objc; name = MainViewController.m; path = Classes/MainViewController.m; sourceTree = "<group>"; };
		6A5C830C1637C5A600E3B801 /* MainViewController.xib */ = {isa = PBXFileReference; lastKnownFileType = file.xib; name = MainViewController.xib; path = Classes/MainViewController.xib; sourceTree = "<group>"; };
		6A5C830F1637C5A600E3B801 /* README */ = {isa = PBXFileReference; lastKnownFileType = text; name = README; path = Plugins/README; sourceTree = "<group>"; };
		6A5C83101637C5A600E3B801 /* verify.sh */ = {isa = PBXFileReference; lastKnownFileType = text.script.sh; path = verify.sh; sourceTree = "<group>"; };
		6A5C83171637C5F500E3B801 /* www */ = {isa = PBXFileReference; lastKnownFileType = folder; path = www; sourceTree = "<group>"; };
/* End PBXFileReference section */

/* Begin PBXFrameworksBuildPhase section */
		6A5C82B51637C5A600E3B801 /* Frameworks */ = {
			isa = PBXFrameworksBuildPhase;
			buildActionMask = 2147483647;
			files = (
				6A09D63C164010180048C06B /* MapKit.framework in Frameworks */,
				6A5C82C01637C5A600E3B801 /* Foundation.framework in Frameworks */,
				6A5C82C21637C5A600E3B801 /* UIKit.framework in Frameworks */,
				6A5C82C41637C5A600E3B801 /* CoreGraphics.framework in Frameworks */,
				6A5C82C61637C5A600E3B801 /* AddressBook.framework in Frameworks */,
				6A5C82C81637C5A600E3B801 /* AddressBookUI.framework in Frameworks */,
				6A5C82CA1637C5A600E3B801 /* AudioToolbox.framework in Frameworks */,
				6A5C82CC1637C5A600E3B801 /* AVFoundation.framework in Frameworks */,
				6A5C82CE1637C5A600E3B801 /* CoreLocation.framework in Frameworks */,
				6A5C82D01637C5A600E3B801 /* MediaPlayer.framework in Frameworks */,
				6A5C82D21637C5A600E3B801 /* QuartzCore.framework in Frameworks */,
				6A5C82D41637C5A600E3B801 /* SystemConfiguration.framework in Frameworks */,
				6A5C82D61637C5A600E3B801 /* MobileCoreServices.framework in Frameworks */,
				6A5C82D81637C5A600E3B801 /* CoreMedia.framework in Frameworks */,
				6A5C82E31637C5A600E3B801 /* Cordova.framework in Frameworks */,
			);
			runOnlyForDeploymentPostprocessing = 0;
		};
		6A5C82B81637C5A600E3B801 /* Frameworks */ = {
			isa = PBXFrameworksBuildPhase;
			buildActionMask = 2147483647;
			files = (
			);
			runOnlyForDeploymentPostprocessing = 0;
		};
/* End PBXFrameworksBuildPhase section */

/* Begin PBXGroup section */
		6A5C82AD1637C5A600E3B801 = {
			isa = PBXGroup;
			children = (
				6A5C83171637C5F500E3B801 /* www */,
				6A5C82D91637C5A600E3B801 /* Pinpoint_Phonegap */,
				6A5C82BE1637C5A600E3B801 /* Frameworks */,
				6A5C82BC1637C5A600E3B801 /* Products */,
			);
			sourceTree = "<group>";
		};
		6A5C82BC1637C5A600E3B801 /* Products */ = {
			isa = PBXGroup;
			children = (
				6A5C82BB1637C5A600E3B801 /* Pinpoint_Phonegap.app */,
			);
			name = Products;
			sourceTree = "<group>";
		};
		6A5C82BE1637C5A600E3B801 /* Frameworks */ = {
			isa = PBXGroup;
			children = (
				6A09D63A16400FA60048C06B /* MapKit.framework */,
				6A5C82BF1637C5A600E3B801 /* Foundation.framework */,
				6A5C82C11637C5A600E3B801 /* UIKit.framework */,
				6A5C82C31637C5A600E3B801 /* CoreGraphics.framework */,
				6A5C82C51637C5A600E3B801 /* AddressBook.framework */,
				6A5C82C71637C5A600E3B801 /* AddressBookUI.framework */,
				6A5C82C91637C5A600E3B801 /* AudioToolbox.framework */,
				6A5C82CB1637C5A600E3B801 /* AVFoundation.framework */,
				6A5C82CD1637C5A600E3B801 /* CoreLocation.framework */,
				6A5C82CF1637C5A600E3B801 /* MediaPlayer.framework */,
				6A5C82D11637C5A600E3B801 /* QuartzCore.framework */,
				6A5C82D31637C5A600E3B801 /* SystemConfiguration.framework */,
				6A5C82D51637C5A600E3B801 /* MobileCoreServices.framework */,
				6A5C82D71637C5A600E3B801 /* CoreMedia.framework */,
			);
			name = Frameworks;
			sourceTree = "<group>";
		};
		6A5C82D91637C5A600E3B801 /* Pinpoint_Phonegap */ = {
			isa = PBXGroup;
			children = (
				6A5C82E21637C5A600E3B801 /* Cordova.framework */,
				6A5C82E41637C5A600E3B801 /* Resources */,
				6A5C83051637C5A600E3B801 /* Classes */,
				6A5C830E1637C5A600E3B801 /* Plugins */,
				6A5C82DA1637C5A600E3B801 /* Supporting Files */,
			);
			path = Pinpoint_Phonegap;
			sourceTree = "<group>";
		};
		6A5C82DA1637C5A600E3B801 /* Supporting Files */ = {
			isa = PBXGroup;
			children = (
				6A5C82DB1637C5A600E3B801 /* Pinpoint_Phonegap-Info.plist */,
				6A5C82DC1637C5A600E3B801 /* InfoPlist.strings */,
				6A5C82DF1637C5A600E3B801 /* main.m */,
				6A5C82E11637C5A600E3B801 /* Pinpoint_Phonegap-Prefix.pch */,
				6A5C83031637C5A600E3B801 /* Cordova.plist */,
				6A5C830C1637C5A600E3B801 /* MainViewController.xib */,
				6A5C83101637C5A600E3B801 /* verify.sh */,
			);
			name = "Supporting Files";
			sourceTree = "<group>";
		};
		6A5C82E41637C5A600E3B801 /* Resources */ = {
			isa = PBXGroup;
			children = (
				6A5C83011637C5A600E3B801 /* Capture.bundle */,
				6A5C82E51637C5A600E3B801 /* en.lproj */,
				6A5C82E91637C5A600E3B801 /* es.lproj */,
				6A5C82ED1637C5A600E3B801 /* de.lproj */,
				6A5C82F11637C5A600E3B801 /* se.lproj */,
				6A5C82F51637C5A600E3B801 /* icons */,
				6A5C82FC1637C5A600E3B801 /* splash */,
			);
			name = Resources;
			sourceTree = "<group>";
		};
		6A5C82E51637C5A600E3B801 /* en.lproj */ = {
			isa = PBXGroup;
			children = (
				6A5C82E61637C5A600E3B801 /* Localizable.strings */,
			);
			name = en.lproj;
			sourceTree = "<group>";
		};
		6A5C82E91637C5A600E3B801 /* es.lproj */ = {
			isa = PBXGroup;
			children = (
				6A5C82EA1637C5A600E3B801 /* Localizable.strings */,
			);
			name = es.lproj;
			sourceTree = "<group>";
		};
		6A5C82ED1637C5A600E3B801 /* de.lproj */ = {
			isa = PBXGroup;
			children = (
				6A5C82EE1637C5A600E3B801 /* Localizable.strings */,
			);
			name = de.lproj;
			sourceTree = "<group>";
		};
		6A5C82F11637C5A600E3B801 /* se.lproj */ = {
			isa = PBXGroup;
			children = (
				6A5C82F21637C5A600E3B801 /* Localizable.strings */,
			);
			name = se.lproj;
			sourceTree = "<group>";
		};
		6A5C82F51637C5A600E3B801 /* icons */ = {
			isa = PBXGroup;
			children = (
				6A5C82F61637C5A600E3B801 /* icon.png */,
				6A5C82F81637C5A600E3B801 /* icon@2x.png */,
				6A5C82FA1637C5A600E3B801 /* icon-72.png */,
			);
			name = icons;
			sourceTree = "<group>";
		};
		6A5C82FC1637C5A600E3B801 /* splash */ = {
			isa = PBXGroup;
			children = (
				6A5C82FD1637C5A600E3B801 /* Default.png */,
				6A5C82FF1637C5A600E3B801 /* Default@2x.png */,
			);
			name = splash;
			sourceTree = "<group>";
		};
		6A5C83051637C5A600E3B801 /* Classes */ = {
			isa = PBXGroup;
			children = (
				6A5C83061637C5A600E3B801 /* AppDelegate.h */,
				6A5C83071637C5A600E3B801 /* AppDelegate.m */,
				6A5C83091637C5A600E3B801 /* MainViewController.h */,
				6A5C830A1637C5A600E3B801 /* MainViewController.m */,
			);
			name = Classes;
			sourceTree = "<group>";
		};
		6A5C830E1637C5A600E3B801 /* Plugins */ = {
			isa = PBXGroup;
			children = (
				6A5C830F1637C5A600E3B801 /* README */,
			);
			name = Plugins;
			sourceTree = "<group>";
		};
/* End PBXGroup section */

/* Begin PBXNativeTarget section */
		6A5C82BA1637C5A600E3B801 /* Pinpoint_Phonegap */ = {
			isa = PBXNativeTarget;
			buildConfigurationList = 6A5C83141637C5A600E3B801 /* Build configuration list for PBXNativeTarget "Pinpoint_Phonegap" */;
			buildPhases = (
				6A5C82B41637C5A600E3B801 /* Sources */,
				6A5C82B51637C5A600E3B801 /* Frameworks */,
				6A5C82B61637C5A600E3B801 /* Resources */,
				6A5C82B71637C5A600E3B801 /* Sources */,
				6A5C82B81637C5A600E3B801 /* Frameworks */,
				6A5C82B91637C5A600E3B801 /* ShellScript */,
			);
			buildRules = (
			);
			dependencies = (
			);
			name = Pinpoint_Phonegap;
			productName = Pinpoint_Phonegap;
			productReference = 6A5C82BB1637C5A600E3B801 /* Pinpoint_Phonegap.app */;
			productType = "com.apple.product-type.application";
		};
/* End PBXNativeTarget section */

/* Begin PBXProject section */
		6A5C82AF1637C5A600E3B801 /* Project object */ = {
			isa = PBXProject;
			attributes = {
				LastUpgradeCheck = 0430;
			};
			buildConfigurationList = 6A5C82B21637C5A600E3B801 /* Build configuration list for PBXProject "Pinpoint_Phonegap" */;
			compatibilityVersion = "Xcode 3.2";
			developmentRegion = English;
			hasScannedForEncodings = 0;
			knownRegions = (
				en,
				es,
				de,
				se,
			);
			mainGroup = 6A5C82AD1637C5A600E3B801;
			productRefGroup = 6A5C82BC1637C5A600E3B801 /* Products */;
			projectDirPath = "";
			projectRoot = "";
			targets = (
				6A5C82BA1637C5A600E3B801 /* Pinpoint_Phonegap */,
			);
		};
/* End PBXProject section */

/* Begin PBXResourcesBuildPhase section */
		6A5C82B61637C5A600E3B801 /* Resources */ = {
			isa = PBXResourcesBuildPhase;
			buildActionMask = 2147483647;
			files = (
				6A5C82DE1637C5A600E3B801 /* InfoPlist.strings in Resources */,
				6A5C82E81637C5A600E3B801 /* Localizable.strings in Resources */,
				6A5C82EC1637C5A600E3B801 /* Localizable.strings in Resources */,
				6A5C82F01637C5A600E3B801 /* Localizable.strings in Resources */,
				6A5C82F41637C5A600E3B801 /* Localizable.strings in Resources */,
				6A5C82F71637C5A600E3B801 /* icon.png in Resources */,
				6A5C82F91637C5A600E3B801 /* icon@2x.png in Resources */,
				6A5C82FB1637C5A600E3B801 /* icon-72.png in Resources */,
				6A5C82FE1637C5A600E3B801 /* Default.png in Resources */,
				6A5C83001637C5A600E3B801 /* Default@2x.png in Resources */,
				6A5C83021637C5A600E3B801 /* Capture.bundle in Resources */,
				6A5C83041637C5A600E3B801 /* Cordova.plist in Resources */,
				6A5C830D1637C5A600E3B801 /* MainViewController.xib in Resources */,
				6A5C83111637C5A600E3B801 /* verify.sh in Resources */,
				6A5C83181637C5F500E3B801 /* www in Resources */,
			);
			runOnlyForDeploymentPostprocessing = 0;
		};
/* End PBXResourcesBuildPhase section */

/* Begin PBXShellScriptBuildPhase section */
		6A5C82B91637C5A600E3B801 /* ShellScript */ = {
			isa = PBXShellScriptBuildPhase;
			buildActionMask = 2147483647;
			files = (
			);
			inputPaths = (
			);
			outputPaths = (
			);
			runOnlyForDeploymentPostprocessing = 0;
			shellPath = /bin/bash;
			shellScript = "\n\t\t\t\t\t\t\t\tchmod 755 $PROJECT_DIR/$PROJECT_NAME/verify.sh\n\t\t\t\t\t\t\t\t$PROJECT_DIR/$PROJECT_NAME/verify.sh\n\t\t\t\t\t";
		};
/* End PBXShellScriptBuildPhase section */

/* Begin PBXSourcesBuildPhase section */
		6A5C82B41637C5A600E3B801 /* Sources */ = {
			isa = PBXSourcesBuildPhase;
			buildActionMask = 2147483647;
			files = (
				6A5C82E01637C5A600E3B801 /* main.m in Sources */,
				6A5C83081637C5A600E3B801 /* AppDelegate.m in Sources */,
				6A5C830B1637C5A600E3B801 /* MainViewController.m in Sources */,
			);
			runOnlyForDeploymentPostprocessing = 0;
		};
		6A5C82B71637C5A600E3B801 /* Sources */ = {
			isa = PBXSourcesBuildPhase;
			buildActionMask = 2147483647;
			files = (
			);
			runOnlyForDeploymentPostprocessing = 0;
		};
/* End PBXSourcesBuildPhase section */

/* Begin PBXVariantGroup section */
		6A5C82DC1637C5A600E3B801 /* InfoPlist.strings */ = {
			isa = PBXVariantGroup;
			children = (
				6A5C82DD1637C5A600E3B801 /* en */,
			);
			name = InfoPlist.strings;
			sourceTree = "<group>";
		};
		6A5C82E61637C5A600E3B801 /* Localizable.strings */ = {
			isa = PBXVariantGroup;
			children = (
				6A5C82E71637C5A600E3B801 /* en */,
			);
			name = Localizable.strings;
			sourceTree = "<group>";
		};
		6A5C82EA1637C5A600E3B801 /* Localizable.strings */ = {
			isa = PBXVariantGroup;
			children = (
				6A5C82EB1637C5A600E3B801 /* es */,
			);
			name = Localizable.strings;
			sourceTree = "<group>";
		};
		6A5C82EE1637C5A600E3B801 /* Localizable.strings */ = {
			isa = PBXVariantGroup;
			children = (
				6A5C82EF1637C5A600E3B801 /* de */,
			);
			name = Localizable.strings;
			sourceTree = "<group>";
		};
		6A5C82F21637C5A600E3B801 /* Localizable.strings */ = {
			isa = PBXVariantGroup;
			children = (
				6A5C82F31637C5A600E3B801 /* se */,
			);
			name = Localizable.strings;
			sourceTree = "<group>";
		};
/* End PBXVariantGroup section */

/* Begin XCBuildConfiguration section */
		6A5C83121637C5A600E3B801 /* Debug */ = {
			isa = XCBuildConfiguration;
			buildSettings = {
				ALWAYS_SEARCH_USER_PATHS = NO;
				ARCHS = (
					armv6,
					"$(ARCHS_STANDARD_32_BIT)",
				);
				CODE_SIGN_IDENTITY = "iPhone Developer: Rohit Singal (UGQKS7R3ZE)";
				"CODE_SIGN_IDENTITY[sdk=iphoneos*]" = "iPhone Developer: Rohit Singal (UGQKS7R3ZE)";
				COPY_PHASE_STRIP = NO;
				GCC_C_LANGUAGE_STANDARD = gnu99;
				GCC_DYNAMIC_NO_PIC = NO;
				GCC_OPTIMIZATION_LEVEL = 0;
				GCC_PREPROCESSOR_DEFINITIONS = (
					"DEBUG=1",
					"$(inherited)",
				);
				GCC_SYMBOLS_PRIVATE_EXTERN = NO;
				GCC_THUMB_SUPPORT = NO;
				GCC_VERSION = com.apple.compilers.llvm.clang.1_0;
				GCC_WARN_ABOUT_RETURN_TYPE = YES;
				GCC_WARN_UNINITIALIZED_AUTOS = YES;
				GCC_WARN_UNUSED_VARIABLE = YES;
				IPHONEOS_DEPLOYMENT_TARGET = 5.0;
				PROVISIONING_PROFILE = "";
				"PROVISIONING_PROFILE[sdk=iphoneos*]" = "";
				SDKROOT = iphoneos;
			};
			name = Debug;
		};
		6A5C83131637C5A600E3B801 /* Release */ = {
			isa = XCBuildConfiguration;
			buildSettings = {
				ALWAYS_SEARCH_USER_PATHS = NO;
				ARCHS = (
					armv6,
					"$(ARCHS_STANDARD_32_BIT)",
				);
				CODE_SIGN_IDENTITY = "iPhone Developer: Rohit Singal (UGQKS7R3ZE)";
				"CODE_SIGN_IDENTITY[sdk=iphoneos*]" = "iPhone Developer: Rohit Singal (UGQKS7R3ZE)";
				COPY_PHASE_STRIP = YES;
				GCC_C_LANGUAGE_STANDARD = gnu99;
				GCC_THUMB_SUPPORT = NO;
				GCC_VERSION = com.apple.compilers.llvm.clang.1_0;
				GCC_WARN_ABOUT_RETURN_TYPE = YES;
				GCC_WARN_UNINITIALIZED_AUTOS = YES;
				GCC_WARN_UNUSED_VARIABLE = YES;
				IPHONEOS_DEPLOYMENT_TARGET = 5.0;
				PROVISIONING_PROFILE = "";
				"PROVISIONING_PROFILE[sdk=iphoneos*]" = "";
				SDKROOT = iphoneos;
				VALIDATE_PRODUCT = YES;
			};
			name = Release;
		};
		6A5C83151637C5A600E3B801 /* Debug */ = {
			isa = XCBuildConfiguration;
			buildSettings = {
				ALWAYS_SEARCH_USER_PATHS = YES;
				COPY_PHASE_STRIP = NO;
				FRAMEWORK_SEARCH_PATHS = /Users/Shared/Cordova/Frameworks;
				GCC_DYNAMIC_NO_PIC = NO;
				GCC_PRECOMPILE_PREFIX_HEADER = YES;
				GCC_PREFIX_HEADER = "Pinpoint_Phonegap/Pinpoint_Phonegap-Prefix.pch";
				GCC_PREPROCESSOR_DEFINITIONS = (
					"DEBUG=1,",
					"CORDOVA_FRAMEWORK=1",
				);
				GCC_THUMB_SUPPORT = NO;
				INFOPLIST_FILE = "Pinpoint_Phonegap/Pinpoint_Phonegap-Info.plist";
				IPHONEOS_DEPLOYMENT_TARGET = 5.1;
				OTHER_LDFLAGS = (
					"-weak_framework",
					UIKit,
					"-weak_framework",
					AVFoundation,
					"-weak_framework",
					CoreMedia,
					"-weak_library",
					/usr/lib/libSystem.B.dylib,
				);
				PRODUCT_NAME = "$(TARGET_NAME)";
				TARGETED_DEVICE_FAMILY = "1,2";
				WRAPPER_EXTENSION = app;
			};
			name = Debug;
		};
		6A5C83161637C5A600E3B801 /* Release */ = {
			isa = XCBuildConfiguration;
			buildSettings = {
				ALWAYS_SEARCH_USER_PATHS = YES;
				COPY_PHASE_STRIP = YES;
				DEBUG_INFORMATION_FORMAT = "dwarf-with-dsym";
				FRAMEWORK_SEARCH_PATHS = /Users/Shared/Cordova/Frameworks;
				GCC_PRECOMPILE_PREFIX_HEADER = YES;
				GCC_PREFIX_HEADER = "Pinpoint_Phonegap/Pinpoint_Phonegap-Prefix.pch";
				GCC_PREPROCESSOR_DEFINITIONS = (
					"NDEBUG=1,",
					"CORDOVA_FRAMEWORK=1",
				);
				GCC_THUMB_SUPPORT = NO;
				INFOPLIST_FILE = "Pinpoint_Phonegap/Pinpoint_Phonegap-Info.plist";
				IPHONEOS_DEPLOYMENT_TARGET = 5.1;
				OTHER_LDFLAGS = (
					"-weak_framework",
					UIKit,
					"-weak_framework",
					AVFoundation,
					"-weak_framework",
					CoreMedia,
					"-weak_library",
					/usr/lib/libSystem.B.dylib,
				);
				PRODUCT_NAME = "$(TARGET_NAME)";
				TARGETED_DEVICE_FAMILY = "1,2";
				VALIDATE_PRODUCT = YES;
				WRAPPER_EXTENSION = app;
			};
			name = Release;
		};
/* End XCBuildConfiguration section */

/* Begin XCConfigurationList section */
		6A5C82B21637C5A600E3B801 /* Build configuration list for PBXProject "Pinpoint_Phonegap" */ = {
			isa = XCConfigurationList;
			buildConfigurations = (
				6A5C83121637C5A600E3B801 /* Debug */,
				6A5C83131637C5A600E3B801 /* Release */,
			);
			defaultConfigurationIsVisible = 0;
			defaultConfigurationName = Release;
		};
		6A5C83141637C5A600E3B801 /* Build configuration list for PBXNativeTarget "Pinpoint_Phonegap" */ = {
			isa = XCConfigurationList;
			buildConfigurations = (
				6A5C83151637C5A600E3B801 /* Debug */,
				6A5C83161637C5A600E3B801 /* Release */,
			);
			defaultConfigurationIsVisible = 0;
			defaultConfigurationName = Release;
		};
/* End XCConfigurationList section */
	};
	rootObject = 6A5C82AF1637C5A600E3B801 /* Project object */;
}
